// !$*UTF8*$!
{
	archiveVersion = 1;
	classes = {
	};
	objectVersion = 48;
	objects = {

/* Begin PBXBuildFile section */
		CF0434222035E16400D79F45 /* AppDelegate.swift in Sources */ = {isa = PBXBuildFile; fileRef = CF0434212035E16400D79F45 /* AppDelegate.swift */; };
		CF0434242035E16400D79F45 /* ViewController.swift in Sources */ = {isa = PBXBuildFile; fileRef = CF0434232035E16400D79F45 /* ViewController.swift */; };
		CF0434272035E16400D79F45 /* Main.storyboard in Resources */ = {isa = PBXBuildFile; fileRef = CF0434252035E16400D79F45 /* Main.storyboard */; };
		CF0434292035E16400D79F45 /* Assets.xcassets in Resources */ = {isa = PBXBuildFile; fileRef = CF0434282035E16400D79F45 /* Assets.xcassets */; };
		CF04342C2035E16400D79F45 /* LaunchScreen.storyboard in Resources */ = {isa = PBXBuildFile; fileRef = CF04342A2035E16400D79F45 /* LaunchScreen.storyboard */; };
		CF0434372035E16500D79F45 /* FunFactsTests.swift in Sources */ = {isa = PBXBuildFile; fileRef = CF0434362035E16500D79F45 /* FunFactsTests.swift */; };
		CF0434422035E16500D79F45 /* FunFactsUITests.swift in Sources */ = {isa = PBXBuildFile; fileRef = CF0434412035E16500D79F45 /* FunFactsUITests.swift */; };
		CFB0FFAC203DCDB200A1AC8F /* FactProvider.swift in Sources */ = {isa = PBXBuildFile; fileRef = CFB0FFAB203DCDB200A1AC8F /* FactProvider.swift */; };
/* End PBXBuildFile section */

/* Begin PBXContainerItemProxy section */
		CF0434332035E16500D79F45 /* PBXContainerItemProxy */ = {
			isa = PBXContainerItemProxy;
			containerPortal = CF0434162035E16400D79F45 /* Project object */;
			proxyType = 1;
			remoteGlobalIDString = CF04341D2035E16400D79F45;
			remoteInfo = FunFacts;
		};
		CF04343E2035E16500D79F45 /* PBXContainerItemProxy */ = {
			isa = PBXContainerItemProxy;
			containerPortal = CF0434162035E16400D79F45 /* Project object */;
			proxyType = 1;
			remoteGlobalIDString = CF04341D2035E16400D79F45;
			remoteInfo = FunFacts;
		};
/* End PBXContainerItemProxy section */

/* Begin PBXFileReference section */
		CF04341E2035E16400D79F45 /* FunFacts.app */ = {isa = PBXFileReference; explicitFileType = wrapper.application; includeInIndex = 0; path = FunFacts.app; sourceTree = BUILT_PRODUCTS_DIR; };
		CF0434212035E16400D79F45 /* AppDelegate.swift */ = {isa = PBXFileReference; lastKnownFileType = sourcecode.swift; path = AppDelegate.swift; sourceTree = "<group>"; };
		CF0434232035E16400D79F45 /* ViewController.swift */ = {isa = PBXFileReference; lastKnownFileType = sourcecode.swift; path = ViewController.swift; sourceTree = "<group>"; };
		CF0434262035E16400D79F45 /* Base */ = {isa = PBXFileReference; lastKnownFileType = file.storyboard; name = Base; path = Base.lproj/Main.storyboard; sourceTree = "<group>"; };
		CF0434282035E16400D79F45 /* Assets.xcassets */ = {isa = PBXFileReference; lastKnownFileType = folder.assetcatalog; path = Assets.xcassets; sourceTree = "<group>"; };
		CF04342B2035E16400D79F45 /* Base */ = {isa = PBXFileReference; lastKnownFileType = file.storyboard; name = Base; path = Base.lproj/LaunchScreen.storyboard; sourceTree = "<group>"; };
		CF04342D2035E16500D79F45 /* Info.plist */ = {isa = PBXFileReference; lastKnownFileType = text.plist.xml; path = Info.plist; sourceTree = "<group>"; };
		CF0434322035E16500D79F45 /* FunFactsTests.xctest */ = {isa = PBXFileReference; explicitFileType = wrapper.cfbundle; includeInIndex = 0; path = FunFactsTests.xctest; sourceTree = BUILT_PRODUCTS_DIR; };
		CF0434362035E16500D79F45 /* FunFactsTests.swift */ = {isa = PBXFileReference; lastKnownFileType = sourcecode.swift; path = FunFactsTests.swift; sourceTree = "<group>"; };
		CF0434382035E16500D79F45 /* Info.plist */ = {isa = PBXFileReference; lastKnownFileType = text.plist.xml; path = Info.plist; sourceTree = "<group>"; };
		CF04343D2035E16500D79F45 /* FunFactsUITests.xctest */ = {isa = PBXFileReference; explicitFileType = wrapper.cfbundle; includeInIndex = 0; path = FunFactsUITests.xctest; sourceTree = BUILT_PRODUCTS_DIR; };
		CF0434412035E16500D79F45 /* FunFactsUITests.swift */ = {isa = PBXFileReference; lastKnownFileType = sourcecode.swift; path = FunFactsUITests.swift; sourceTree = "<group>"; };
		CF0434432035E16500D79F45 /* Info.plist */ = {isa = PBXFileReference; lastKnownFileType = text.plist.xml; path = Info.plist; sourceTree = "<group>"; };
		CFB0FFAB203DCDB200A1AC8F /* FactProvider.swift */ = {isa = PBXFileReference; lastKnownFileType = sourcecode.swift; path = FactProvider.swift; sourceTree = "<group>"; };
/* End PBXFileReference section */

/* Begin PBXFrameworksBuildPhase section */
		CF04341B2035E16400D79F45 /* Frameworks */ = {
			isa = PBXFrameworksBuildPhase;
			buildActionMask = 2147483647;
			files = (
			);
			runOnlyForDeploymentPostprocessing = 0;
		};
		CF04342F2035E16500D79F45 /* Frameworks */ = {
			isa = PBXFrameworksBuildPhase;
			buildActionMask = 2147483647;
			files = (
			);
			runOnlyForDeploymentPostprocessing = 0;
		};
		CF04343A2035E16500D79F45 /* Frameworks */ = {
			isa = PBXFrameworksBuildPhase;
			buildActionMask = 2147483647;
			files = (
			);
			runOnlyForDeploymentPostprocessing = 0;
		};
/* End PBXFrameworksBuildPhase section */

/* Begin PBXGroup section */
		CF0434152035E16400D79F45 = {
			isa = PBXGroup;
			children = (
				CF0434202035E16400D79F45 /* FunFacts */,
				CF0434352035E16500D79F45 /* FunFactsTests */,
				CF0434402035E16500D79F45 /* FunFactsUITests */,
				CF04341F2035E16400D79F45 /* Products */,
			);
			sourceTree = "<group>";
		};
		CF04341F2035E16400D79F45 /* Products */ = {
			isa = PBXGroup;
			children = (
				CF04341E2035E16400D79F45 /* FunFacts.app */,
				CF0434322035E16500D79F45 /* FunFactsTests.xctest */,
				CF04343D2035E16500D79F45 /* FunFactsUITests.xctest */,
			);
			name = Products;
			sourceTree = "<group>";
		};
		CF0434202035E16400D79F45 /* FunFacts */ = {
			isa = PBXGroup;
			children = (
				CF0434212035E16400D79F45 /* AppDelegate.swift */,
				CF0434232035E16400D79F45 /* ViewController.swift */,
				CF0434252035E16400D79F45 /* Main.storyboard */,
				CF0434282035E16400D79F45 /* Assets.xcassets */,
				CF04342A2035E16400D79F45 /* LaunchScreen.storyboard */,
				CF04342D2035E16500D79F45 /* Info.plist */,
				CFB0FFAB203DCDB200A1AC8F /* FactProvider.swift */,
			);
			path = FunFacts;
			sourceTree = "<group>";
		};
		CF0434352035E16500D79F45 /* FunFactsTests */ = {
			isa = PBXGroup;
			children = (
				CF0434362035E16500D79F45 /* FunFactsTests.swift */,
				CF0434382035E16500D79F45 /* Info.plist */,
			);
			path = FunFactsTests;
			sourceTree = "<group>";
		};
		CF0434402035E16500D79F45 /* FunFactsUITests */ = {
			isa = PBXGroup;
			children = (
				CF0434412035E16500D79F45 /* FunFactsUITests.swift */,
				CF0434432035E16500D79F45 /* Info.plist */,
			);
			path = FunFactsUITests;
			sourceTree = "<group>";
		};
/* End PBXGroup section */

/* Begin PBXNativeTarget section */
		CF04341D2035E16400D79F45 /* FunFacts */ = {
			isa = PBXNativeTarget;
			buildConfigurationList = CF0434462035E16500D79F45 /* Build configuration list for PBXNativeTarget "FunFacts" */;
			buildPhases = (
				CF04341A2035E16400D79F45 /* Sources */,
				CF04341B2035E16400D79F45 /* Frameworks */,
				CF04341C2035E16400D79F45 /* Resources */,
			);
			buildRules = (
			);
			dependencies = (
			);
			name = FunFacts;
			productName = FunFacts;
			productReference = CF04341E2035E16400D79F45 /* FunFacts.app */;
			productType = "com.apple.product-type.application";
		};
		CF0434312035E16500D79F45 /* FunFactsTests */ = {
			isa = PBXNativeTarget;
			buildConfigurationList = CF0434492035E16500D79F45 /* Build configuration list for PBXNativeTarget "FunFactsTests" */;
			buildPhases = (
				CF04342E2035E16500D79F45 /* Sources */,
				CF04342F2035E16500D79F45 /* Frameworks */,
				CF0434302035E16500D79F45 /* Resources */,
			);
			buildRules = (
			);
			dependencies = (
				CF0434342035E16500D79F45 /* PBXTargetDependency */,
			);
			name = FunFactsTests;
			productName = FunFactsTests;
			productReference = CF0434322035E16500D79F45 /* FunFactsTests.xctest */;
			productType = "com.apple.product-type.bundle.unit-test";
		};
		CF04343C2035E16500D79F45 /* FunFactsUITests */ = {
			isa = PBXNativeTarget;
			buildConfigurationList = CF04344C2035E16500D79F45 /* Build configuration list for PBXNativeTarget "FunFactsUITests" */;
			buildPhases = (
				CF0434392035E16500D79F45 /* Sources */,
				CF04343A2035E16500D79F45 /* Frameworks */,
				CF04343B2035E16500D79F45 /* Resources */,
			);
			buildRules = (
			);
			dependencies = (
				CF04343F2035E16500D79F45 /* PBXTargetDependency */,
			);
			name = FunFactsUITests;
			productName = FunFactsUITests;
			productReference = CF04343D2035E16500D79F45 /* FunFactsUITests.xctest */;
			productType = "com.apple.product-type.bundle.ui-testing";
		};
/* End PBXNativeTarget section */

/* Begin PBXProject section */
		CF0434162035E16400D79F45 /* Project object */ = {
			isa = PBXProject;
			attributes = {
				LastSwiftUpdateCheck = 0920;
				LastUpgradeCheck = 0920;
				ORGANIZATIONNAME = "Julian Conde";
				TargetAttributes = {
					CF04341D2035E16400D79F45 = {
						CreatedOnToolsVersion = 9.2;
						ProvisioningStyle = Automatic;
					};
					CF0434312035E16500D79F45 = {
						CreatedOnToolsVersion = 9.2;
						ProvisioningStyle = Automatic;
						TestTargetID = CF04341D2035E16400D79F45;
					};
					CF04343C2035E16500D79F45 = {
						CreatedOnToolsVersion = 9.2;
						ProvisioningStyle = Automatic;
						TestTargetID = CF04341D2035E16400D79F45;
					};
				};
			};
			buildConfigurationList = CF0434192035E16400D79F45 /* Build configuration list for PBXProject "FunFacts" */;
			compatibilityVersion = "Xcode 8.0";
			developmentRegion = en;
			hasScannedForEncodings = 0;
			knownRegions = (
				en,
				Base,
			);
			mainGroup = CF0434152035E16400D79F45;
			productRefGroup = CF04341F2035E16400D79F45 /* Products */;
			projectDirPath = "";
			projectRoot = "";
			targets = (
				CF04341D2035E16400D79F45 /* FunFacts */,
				CF0434312035E16500D79F45 /* FunFactsTests */,
				CF04343C2035E16500D79F45 /* FunFactsUITests */,
			);
		};
/* End PBXProject section */

/* Begin PBXResourcesBuildPhase section */
		CF04341C2035E16400D79F45 /* Resources */ = {
			isa = PBXResourcesBuildPhase;
			buildActionMask = 2147483647;
			files = (
				CF04342C2035E16400D79F45 /* LaunchScreen.storyboard in Resources */,
				CF0434292035E16400D79F45 /* Assets.xcassets in Resources */,
				CF0434272035E16400D79F45 /* Main.storyboard in Resources */,
			);
			runOnlyForDeploymentPostprocessing = 0;
		};
		CF0434302035E16500D79F45 /* Resources */ = {
			isa = PBXResourcesBuildPhase;
			buildActionMask = 2147483647;
			files = (
			);
			runOnlyForDeploymentPostprocessing = 0;
		};
		CF04343B2035E16500D79F45 /* Resources */ = {
			isa = PBXResourcesBuildPhase;
			buildActionMask = 2147483647;
			files = (
			);
			runOnlyForDeploymentPostprocessing = 0;
		};
/* End PBXResourcesBuildPhase section */

/* Begin PBXSourcesBuildPhase section */
		CF04341A2035E16400D79F45 /* Sources */ = {
			isa = PBXSourcesBuildPhase;
			buildActionMask = 2147483647;
			files = (
				CF0434242035E16400D79F45 /* ViewController.swift in Sources */,
				CF0434222035E16400D79F45 /* AppDelegate.swift in Sources */,
				CFB0FFAC203DCDB200A1AC8F /* FactProvider.swift in Sources */,
			);
			runOnlyForDeploymentPostprocessing = 0;
		};
		CF04342E2035E16500D79F45 /* Sources */ = {
			isa = PBXSourcesBuildPhase;
			buildActionMask = 2147483647;
			files = (
				CF0434372035E16500D79F45 /* FunFactsTests.swift in Sources */,
			);
			runOnlyForDeploymentPostprocessing = 0;
		};
		CF0434392035E16500D79F45 /* Sources */ = {
			isa = PBXSourcesBuildPhase;
			buildActionMask = 2147483647;
			files = (
				CF0434422035E16500D79F45 /* FunFactsUITests.swift in Sources */,
			);
			runOnlyForDeploymentPostprocessing = 0;
		};
/* End PBXSourcesBuildPhase section */

/* Begin PBXTargetDependency section */
		CF0434342035E16500D79F45 /* PBXTargetDependency */ = {
			isa = PBXTargetDependency;
			target = CF04341D2035E16400D79F45 /* FunFacts */;
			targetProxy = CF0434332035E16500D79F45 /* PBXContainerItemProxy */;
		};
		CF04343F2035E16500D79F45 /* PBXTargetDependency */ = {
			isa = PBXTargetDependency;
			target = CF04341D2035E16400D79F45 /* FunFacts */;
			targetProxy = CF04343E2035E16500D79F45 /* PBXContainerItemProxy */;
		};
/* End PBXTargetDependency section */

/* Begin PBXVariantGroup section */
		CF0434252035E16400D79F45 /* Main.storyboard */ = {
			isa = PBXVariantGroup;
			children = (
				CF0434262035E16400D79F45 /* Base */,
			);
			name = Main.storyboard;
			sourceTree = "<group>";
		};
		CF04342A2035E16400D79F45 /* LaunchScreen.storyboard */ = {
			isa = PBXVariantGroup;
			children = (
				CF04342B2035E16400D79F45 /* Base */,
			);
			name = LaunchScreen.storyboard;
			sourceTree = "<group>";
		};
/* End PBXVariantGroup section */

/* Begin XCBuildConfiguration section */
		CF0434442035E16500D79F45 /* Debug */ = {
			isa = XCBuildConfiguration;
			buildSettings = {
				ALWAYS_SEARCH_USER_PATHS = NO;
				CLANG_ANALYZER_NONNULL = YES;
				CLANG_ANALYZER_NUMBER_OBJECT_CONVERSION = YES_AGGRESSIVE;
				CLANG_CXX_LANGUAGE_STANDARD = "gnu++14";
				CLANG_CXX_LIBRARY = "libc++";
				CLANG_ENABLE_MODULES = YES;
				CLANG_ENABLE_OBJC_ARC = YES;
				CLANG_WARN_BLOCK_CAPTURE_AUTORELEASING = YES;
				CLANG_WARN_BOOL_CONVERSION = YES;
				CLANG_WARN_COMMA = YES;
				CLANG_WARN_CONSTANT_CONVERSION = YES;
				CLANG_WARN_DIRECT_OBJC_ISA_USAGE = YES_ERROR;
				CLANG_WARN_DOCUMENTATION_COMMENTS = YES;
				CLANG_WARN_EMPTY_BODY = YES;
				CLANG_WARN_ENUM_CONVERSION = YES;
				CLANG_WARN_INFINITE_RECURSION = YES;
				CLANG_WARN_INT_CONVERSION = YES;
				CLANG_WARN_NON_LITERAL_NULL_CONVERSION = YES;
				CLANG_WARN_OBJC_LITERAL_CONVERSION = YES;
				CLANG_WARN_OBJC_ROOT_CLASS = YES_ERROR;
				CLANG_WARN_RANGE_LOOP_ANALYSIS = YES;
				CLANG_WARN_STRICT_PROTOTYPES = YES;
				CLANG_WARN_SUSPICIOUS_MOVE = YES;
				CLANG_WARN_UNGUARDED_AVAILABILITY = YES_AGGRESSIVE;
				CLANG_WARN_UNREACHABLE_CODE = YES;
				CLANG_WARN__DUPLICATE_METHOD_MATCH = YES;
				CODE_SIGN_IDENTITY = "iPhone Developer";
				COPY_PHASE_STRIP = NO;
				DEBUG_INFORMATION_FORMAT = dwarf;
				ENABLE_STRICT_OBJC_MSGSEND = YES;
				ENABLE_TESTABILITY = YES;
				GCC_C_LANGUAGE_STANDARD = gnu11;
				GCC_DYNAMIC_NO_PIC = NO;
				GCC_NO_COMMON_BLOCKS = YES;
				GCC_OPTIMIZATION_LEVEL = 0;
				GCC_PREPROCESSOR_DEFINITIONS = (
					"DEBUG=1",
					"$(inherited)",
				);
				GCC_WARN_64_TO_32_BIT_CONVERSION = YES;
				GCC_WARN_ABOUT_RETURN_TYPE = YES_ERROR;
				GCC_WARN_UNDECLARED_SELECTOR = YES;
				GCC_WARN_UNINITIALIZED_AUTOS = YES_AGGRESSIVE;
				GCC_WARN_UNUSED_FUNCTION = YES;
				GCC_WARN_UNUSED_VARIABLE = YES;
				IPHONEOS_DEPLOYMENT_TARGET = 11.2;
				MTL_ENABLE_DEBUG_INFO = YES;
				ONLY_ACTIVE_ARCH = YES;
				SDKROOT = iphoneos;
				SWIFT_ACTIVE_COMPILATION_CONDITIONS = DEBUG;
				SWIFT_OPTIMIZATION_LEVEL = "-Onone";
			};
			name = Debug;
		};
		CF0434452035E16500D79F45 /* Release */ = {
			isa = XCBuildConfiguration;
			buildSettings = {
				ALWAYS_SEARCH_USER_PATHS = NO;
				CLANG_ANALYZER_NONNULL = YES;
				CLANG_ANALYZER_NUMBER_OBJECT_CONVERSION = YES_AGGRESSIVE;
				CLANG_CXX_LANGUAGE_STANDARD = "gnu++14";
				CLANG_CXX_LIBRARY = "libc++";
				CLANG_ENABLE_MODULES = YES;
				CLANG_ENABLE_OBJC_ARC = YES;
				CLANG_WARN_BLOCK_CAPTURE_AUTORELEASING = YES;
				CLANG_WARN_BOOL_CONVERSION = YES;
				CLANG_WARN_COMMA = YES;
				CLANG_WARN_CONSTANT_CONVERSION = YES;
				CLANG_WARN_DIRECT_OBJC_ISA_USAGE = YES_ERROR;
				CLANG_WARN_DOCUMENTATION_COMMENTS = YES;
				CLANG_WARN_EMPTY_BODY = YES;
				CLANG_WARN_ENUM_CONVERSION = YES;
				CLANG_WARN_INFINITE_RECURSION = YES;
				CLANG_WARN_INT_CONVERSION = YES;
				CLANG_WARN_NON_LITERAL_NULL_CONVERSION = YES;
				CLANG_WARN_OBJC_LITERAL_CONVERSION = YES;
				CLANG_WARN_OBJC_ROOT_CLASS = YES_ERROR;
				CLANG_WARN_RANGE_LOOP_ANALYSIS = YES;
				CLANG_WARN_STRICT_PROTOTYPES = YES;
				CLANG_WARN_SUSPICIOUS_MOVE = YES;
				CLANG_WARN_UNGUARDED_AVAILABILITY = YES_AGGRESSIVE;
				CLANG_WARN_UNREACHABLE_CODE = YES;
				CLANG_WARN__DUPLICATE_METHOD_MATCH = YES;
				CODE_SIGN_IDENTITY = "iPhone Developer";
				COPY_PHASE_STRIP = NO;
				DEBUG_INFORMATION_FORMAT = "dwarf-with-dsym";
				ENABLE_NS_ASSERTIONS = NO;
				ENABLE_STRICT_OBJC_MSGSEND = YES;
				GCC_C_LANGUAGE_STANDARD = gnu11;
				GCC_NO_COMMON_BLOCKS = YES;
				GCC_WARN_64_TO_32_BIT_CONVERSION = YES;
				GCC_WARN_ABOUT_RETURN_TYPE = YES_ERROR;
				GCC_WARN_UNDECLARED_SELECTOR = YES;
				GCC_WARN_UNINITIALIZED_AUTOS = YES_AGGRESSIVE;
				GCC_WARN_UNUSED_FUNCTION = YES;
				GCC_WARN_UNUSED_VARIABLE = YES;
				IPHONEOS_DEPLOYMENT_TARGET = 11.2;
				MTL_ENABLE_DEBUG_INFO = NO;
				SDKROOT = iphoneos;
				SWIFT_OPTIMIZATION_LEVEL = "-Owholemodule";
				VALIDATE_PRODUCT = YES;
			};
			name = Release;
		};
		CF0434472035E16500D79F45 /* Debug */ = {
			isa = XCBuildConfiguration;
			buildSettings = {
				ASSETCATALOG_COMPILER_APPICON_NAME = AppIcon;
				CODE_SIGN_STYLE = Automatic;
				INFOPLIST_FILE = FunFacts/Info.plist;
				LD_RUNPATH_SEARCH_PATHS = "$(inherited) @executable_path/Frameworks";
				PRODUCT_BUNDLE_IDENTIFIER = JulianConde.FunFacts;
				PRODUCT_NAME = "$(TARGET_NAME)";
				SWIFT_VERSION = 4.0;
				TARGETED_DEVICE_FAMILY = "1,2";
			};
			name = Debug;
		};
		CF0434482035E16500D79F45 /* Release */ = {
			isa = XCBuildConfiguration;
			buildSettings = {
				ASSETCATALOG_COMPILER_APPICON_NAME = AppIcon;
				CODE_SIGN_STYLE = Automatic;
				INFOPLIST_FILE = FunFacts/Info.plist;
				LD_RUNPATH_SEARCH_PATHS = "$(inherited) @executable_path/Frameworks";
				PRODUCT_BUNDLE_IDENTIFIER = JulianConde.FunFacts;
				PRODUCT_NAME = "$(TARGET_NAME)";
				SWIFT_VERSION = 4.0;
				TARGETED_DEVICE_FAMILY = "1,2";
			};
			name = Release;
		};
		CF04344A2035E16500D79F45 /* Debug */ = {
			isa = XCBuildConfiguration;
			buildSettings = {
				ALWAYS_EMBED_SWIFT_STANDARD_LIBRARIES = YES;
				BUNDLE_LOADER = "$(TEST_HOST)";
				CODE_SIGN_STYLE = Automatic;
				INFOPLIST_FILE = FunFactsTests/Info.plist;
				LD_RUNPATH_SEARCH_PATHS = "$(inherited) @executable_path/Frameworks @loader_path/Frameworks";
				PRODUCT_BUNDLE_IDENTIFIER = JulianConde.FunFactsTests;
				PRODUCT_NAME = "$(TARGET_NAME)";
				SWIFT_VERSION = 4.0;
				TARGETED_DEVICE_FAMILY = "1,2";
				TEST_HOST = "$(BUILT_PRODUCTS_DIR)/FunFacts.app/FunFacts";
			};
			name = Debug;
		};
		CF04344B2035E16500D79F45 /* Release */ = {
			isa = XCBuildConfiguration;
			buildSettings = {
				ALWAYS_EMBED_SWIFT_STANDARD_LIBRARIES = YES;
				BUNDLE_LOADER = "$(TEST_HOST)";
				CODE_SIGN_STYLE = Automatic;
				INFOPLIST_FILE = FunFactsTests/Info.plist;
				LD_RUNPATH_SEARCH_PATHS = "$(inherited) @executable_path/Frameworks @loader_path/Frameworks";
				PRODUCT_BUNDLE_IDENTIFIER = JulianConde.FunFactsTests;
				PRODUCT_NAME = "$(TARGET_NAME)";
				SWIFT_VERSION = 4.0;
				TARGETED_DEVICE_FAMILY = "1,2";
				TEST_HOST = "$(BUILT_PRODUCTS_DIR)/FunFacts.app/FunFacts";
			};
			name = Release;
		};
		CF04344D2035E16500D79F45 /* Debug */ = {
			isa = XCBuildConfiguration;
			buildSettings = {
				ALWAYS_EMBED_SWIFT_STANDARD_LIBRARIES = YES;
				CODE_SIGN_STYLE = Automatic;
				INFOPLIST_FILE = FunFactsUITests/Info.plist;
				LD_RUNPATH_SEARCH_PATHS = "$(inherited) @executable_path/Frameworks @loader_path/Frameworks";
				PRODUCT_BUNDLE_IDENTIFIER = JulianConde.FunFactsUITests;
				PRODUCT_NAME = "$(TARGET_NAME)";
				SWIFT_VERSION = 4.0;
				TARGETED_DEVICE_FAMILY = "1,2";
				TEST_TARGET_NAME = FunFacts;
			};
			name = Debug;
		};
		CF04344E2035E16500D79F45 /* Release */ = {
			isa = XCBuildConfiguration;
			buildSettings = {
				ALWAYS_EMBED_SWIFT_STANDARD_LIBRARIES = YES;
				CODE_SIGN_STYLE = Automatic;
				INFOPLIST_FILE = FunFactsUITests/Info.plist;
				LD_RUNPATH_SEARCH_PATHS = "$(inherited) @executable_path/Frameworks @loader_path/Frameworks";
				PRODUCT_BUNDLE_IDENTIFIER = JulianConde.FunFactsUITests;
				PRODUCT_NAME = "$(TARGET_NAME)";
				SWIFT_VERSION = 4.0;
				TARGETED_DEVICE_FAMILY = "1,2";
				TEST_TARGET_NAME = FunFacts;
			};
			name = Release;
		};
/* End XCBuildConfiguration section */

/* Begin XCConfigurationList section */
		CF0434192035E16400D79F45 /* Build configuration list for PBXProject "FunFacts" */ = {
			isa = XCConfigurationList;
			buildConfigurations = (
				CF0434442035E16500D79F45 /* Debug */,
				CF0434452035E16500D79F45 /* Release */,
			);
			defaultConfigurationIsVisible = 0;
			defaultConfigurationName = Release;
		};
		CF0434462035E16500D79F45 /* Build configuration list for PBXNativeTarget "FunFacts" */ = {
			isa = XCConfigurationList;
			buildConfigurations = (
				CF0434472035E16500D79F45 /* Debug */,
				CF0434482035E16500D79F45 /* Release */,
			);
			defaultConfigurationIsVisible = 0;
			defaultConfigurationName = Release;
		};
		CF0434492035E16500D79F45 /* Build configuration list for PBXNativeTarget "FunFactsTests" */ = {
			isa = XCConfigurationList;
			buildConfigurations = (
				CF04344A2035E16500D79F45 /* Debug */,
				CF04344B2035E16500D79F45 /* Release */,
			);
			defaultConfigurationIsVisible = 0;
			defaultConfigurationName = Release;
		};
		CF04344C2035E16500D79F45 /* Build configuration list for PBXNativeTarget "FunFactsUITests" */ = {
			isa = XCConfigurationList;
			buildConfigurations = (
				CF04344D2035E16500D79F45 /* Debug */,
				CF04344E2035E16500D79F45 /* Release */,
			);
			defaultConfigurationIsVisible = 0;
			defaultConfigurationName = Release;
		};
/* End XCConfigurationList section */
	};
	rootObject = CF0434162035E16400D79F45 /* Project object */;
}
